
Microsoft Visual Studio Solution File, Format Version 12.00
# Visual Studio Version 17
VisualStudioVersion = 17.10.35027.167
MinimumVisualStudioVersion = 10.0.40219.1
Project("{888888A0-9F3D-457C-B088-3A5042F75D52}") = "BatchRename", "BatchRename.pyproj", "{A8119C56-9A14-4D8F-B105-8443A83B284A}"
EndProject
Global
	GlobalSection(SolutionConfigurationPlatforms) = preSolution
		Debug|Any CPU = Debug|Any CPU
		Release|Any CPU = Release|Any CPU
	EndGlobalSection
	GlobalSection(ProjectConfigurationPlatforms) = postSolution
		{A8119C56-9A14-4D8F-B105-8443A83B284A}.Debug|Any CPU.ActiveCfg = Debug|Any CPU
		{A8119C56-9A14-4D8F-B105-8443A83B284A}.Release|Any CPU.ActiveCfg = Release|Any CPU
	EndGlobalSection
	GlobalSection(SolutionProperties) = preSolution
		HideSolutionNode = FALSE
	EndGlobalSection
	GlobalSection(ExtensibilityGlobals) = postSolution
		SolutionGuid = {022522B2-B09C-4FEF-864A-7F1BB6752ED7}
	EndGlobalSection
EndGlobal
